
Microsoft Visual Studio Solution File, Format Version 12.00
# Visual Studio 15
VisualStudioVersion = 15.0.26730.10
MinimumVisualStudioVersion = 10.0.40219.1

Project("{6EC3EE1D-3C4E-46DD-8F32-0CC8E7565705}") = "Mobile", "Mobile\Mobile.fsproj", "{3FFBDA4C-5038-4B63-9C34-CA767756E2C8}"
EndProject

Project("{F2A71F9B-5D33-465A-A702-920D77279786}") = "Mobile.Android", "Mobile.Android\Mobile.Android.fsproj", "{3B2BAB59-AF2E-44A2-8493-FC7F05E98426}"
EndProject






Global
	GlobalSection(SolutionConfigurationPlatforms) = preSolution
		Ad-Hoc|Any CPU = Ad-Hoc|Any CPU
		Ad-Hoc|ARM = Ad-Hoc|ARM
		Ad-Hoc|iPhone = Ad-Hoc|iPhone
		Ad-Hoc|iPhoneSimulator = Ad-Hoc|iPhoneSimulator
		Ad-Hoc|x64 = Ad-Hoc|x64
		Ad-Hoc|x86 = Ad-Hoc|x86
		AppStore|Any CPU = AppStore|Any CPU
		AppStore|ARM = AppStore|ARM
		AppStore|iPhone = AppStore|iPhone
		AppStore|iPhoneSimulator = AppStore|iPhoneSimulator
		AppStore|x64 = AppStore|x64
		AppStore|x86 = AppStore|x86
		Debug|Any CPU = Debug|Any CPU
		Debug|ARM = Debug|ARM
		Debug|iPhone = Debug|iPhone
		Debug|iPhoneSimulator = Debug|iPhoneSimulator
		Debug|x64 = Debug|x64
		Debug|x86 = Debug|x86
		Release|Any CPU = Release|Any CPU
		Release|ARM = Release|ARM
		Release|iPhone = Release|iPhone
		Release|iPhoneSimulator = Release|iPhoneSimulator
		Release|x64 = Release|x64
		Release|x86 = Release|x86
	EndGlobalSection
	GlobalSection(ProjectConfigurationPlatforms) = postSolution
		{3FFBDA4C-5038-4B63-9C34-CA767756E2C8}.Ad-Hoc|Any CPU.ActiveCfg = Debug|Any CPU
		{3FFBDA4C-5038-4B63-9C34-CA767756E2C8}.Ad-Hoc|Any CPU.Build.0 = Debug|Any CPU
		{3FFBDA4C-5038-4B63-9C34-CA767756E2C8}.Ad-Hoc|ARM.ActiveCfg = Debug|Any CPU
		{3FFBDA4C-5038-4B63-9C34-CA767756E2C8}.Ad-Hoc|ARM.Build.0 = Debug|Any CPU
		{3FFBDA4C-5038-4B63-9C34-CA767756E2C8}.Ad-Hoc|iPhone.ActiveCfg = Debug|Any CPU
		{3FFBDA4C-5038-4B63-9C34-CA767756E2C8}.Ad-Hoc|iPhone.Build.0 = Debug|Any CPU
		{3FFBDA4C-5038-4B63-9C34-CA767756E2C8}.Ad-Hoc|iPhoneSimulator.ActiveCfg = Debug|Any CPU
		{3FFBDA4C-5038-4B63-9C34-CA767756E2C8}.Ad-Hoc|iPhoneSimulator.Build.0 = Debug|Any CPU
		{3FFBDA4C-5038-4B63-9C34-CA767756E2C8}.Ad-Hoc|x64.ActiveCfg = Debug|Any CPU
		{3FFBDA4C-5038-4B63-9C34-CA767756E2C8}.Ad-Hoc|x64.Build.0 = Debug|Any CPU
		{3FFBDA4C-5038-4B63-9C34-CA767756E2C8}.Ad-Hoc|x86.ActiveCfg = Debug|Any CPU
		{3FFBDA4C-5038-4B63-9C34-CA767756E2C8}.Ad-Hoc|x86.Build.0 = Debug|Any CPU
		{3FFBDA4C-5038-4B63-9C34-CA767756E2C8}.AppStore|Any CPU.ActiveCfg = Debug|Any CPU
		{3FFBDA4C-5038-4B63-9C34-CA767756E2C8}.AppStore|Any CPU.Build.0 = Debug|Any CPU
		{3FFBDA4C-5038-4B63-9C34-CA767756E2C8}.AppStore|ARM.ActiveCfg = Debug|Any CPU
		{3FFBDA4C-5038-4B63-9C34-CA767756E2C8}.AppStore|ARM.Build.0 = Debug|Any CPU
		{3FFBDA4C-5038-4B63-9C34-CA767756E2C8}.AppStore|iPhone.ActiveCfg = Debug|Any CPU
		{3FFBDA4C-5038-4B63-9C34-CA767756E2C8}.AppStore|iPhone.Build.0 = Debug|Any CPU
		{3FFBDA4C-5038-4B63-9C34-CA767756E2C8}.AppStore|iPhoneSimulator.ActiveCfg = Debug|Any CPU
		{3FFBDA4C-5038-4B63-9C34-CA767756E2C8}.AppStore|iPhoneSimulator.Build.0 = Debug|Any CPU
		{3FFBDA4C-5038-4B63-9C34-CA767756E2C8}.AppStore|x64.ActiveCfg = Debug|Any CPU
		{3FFBDA4C-5038-4B63-9C34-CA767756E2C8}.AppStore|x64.Build.0 = Debug|Any CPU
		{3FFBDA4C-5038-4B63-9C34-CA767756E2C8}.AppStore|x86.ActiveCfg = Debug|Any CPU
		{3FFBDA4C-5038-4B63-9C34-CA767756E2C8}.AppStore|x86.Build.0 = Debug|Any CPU
		{3FFBDA4C-5038-4B63-9C34-CA767756E2C8}.Debug|Any CPU.ActiveCfg = Debug|Any CPU
		{3FFBDA4C-5038-4B63-9C34-CA767756E2C8}.Debug|Any CPU.Build.0 = Debug|Any CPU
		{3FFBDA4C-5038-4B63-9C34-CA767756E2C8}.Debug|ARM.ActiveCfg = Debug|Any CPU
		{3FFBDA4C-5038-4B63-9C34-CA767756E2C8}.Debug|ARM.Build.0 = Debug|Any CPU
		{3FFBDA4C-5038-4B63-9C34-CA767756E2C8}.Debug|iPhone.ActiveCfg = Debug|Any CPU
		{3FFBDA4C-5038-4B63-9C34-CA767756E2C8}.Debug|iPhone.Build.0 = Debug|Any CPU
		{3FFBDA4C-5038-4B63-9C34-CA767756E2C8}.Debug|iPhoneSimulator.ActiveCfg = Debug|Any CPU
		{3FFBDA4C-5038-4B63-9C34-CA767756E2C8}.Debug|iPhoneSimulator.Build.0 = Debug|Any CPU
		{3FFBDA4C-5038-4B63-9C34-CA767756E2C8}.Debug|x64.ActiveCfg = Debug|Any CPU
		{3FFBDA4C-5038-4B63-9C34-CA767756E2C8}.Debug|x64.Build.0 = Debug|Any CPU
		{3FFBDA4C-5038-4B63-9C34-CA767756E2C8}.Debug|x86.ActiveCfg = Debug|Any CPU
		{3FFBDA4C-5038-4B63-9C34-CA767756E2C8}.Debug|x86.Build.0 = Debug|Any CPU
		{3FFBDA4C-5038-4B63-9C34-CA767756E2C8}.Release|Any CPU.ActiveCfg = Release|Any CPU
		{3FFBDA4C-5038-4B63-9C34-CA767756E2C8}.Release|Any CPU.Build.0 = Release|Any CPU
		{3FFBDA4C-5038-4B63-9C34-CA767756E2C8}.Release|ARM.ActiveCfg = Release|Any CPU
		{3FFBDA4C-5038-4B63-9C34-CA767756E2C8}.Release|ARM.Build.0 = Release|Any CPU
		{3FFBDA4C-5038-4B63-9C34-CA767756E2C8}.Release|iPhone.ActiveCfg = Release|Any CPU
		{3FFBDA4C-5038-4B63-9C34-CA767756E2C8}.Release|iPhone.Build.0 = Release|Any CPU
		{3FFBDA4C-5038-4B63-9C34-CA767756E2C8}.Release|iPhoneSimulator.ActiveCfg = Release|Any CPU
		{3FFBDA4C-5038-4B63-9C34-CA767756E2C8}.Release|iPhoneSimulator.Build.0 = Release|Any CPU
		{3FFBDA4C-5038-4B63-9C34-CA767756E2C8}.Release|x64.ActiveCfg = Release|Any CPU
		{3FFBDA4C-5038-4B63-9C34-CA767756E2C8}.Release|x64.Build.0 = Release|Any CPU
		{3FFBDA4C-5038-4B63-9C34-CA767756E2C8}.Release|x86.ActiveCfg = Release|Any CPU
		{3FFBDA4C-5038-4B63-9C34-CA767756E2C8}.Release|x86.Build.0 = Release|Any CPU
		{1EAE5CCF-2484-459E-82D0-44C6619066CB}.Ad-Hoc|Any CPU.ActiveCfg = Ad-Hoc|iPhone
		{1EAE5CCF-2484-459E-82D0-44C6619066CB}.Ad-Hoc|ARM.ActiveCfg = Ad-Hoc|iPhone
		{1EAE5CCF-2484-459E-82D0-44C6619066CB}.Ad-Hoc|iPhone.ActiveCfg = Ad-Hoc|iPhone
		{1EAE5CCF-2484-459E-82D0-44C6619066CB}.Ad-Hoc|iPhone.Build.0 = Ad-Hoc|iPhone
		{1EAE5CCF-2484-459E-82D0-44C6619066CB}.Ad-Hoc|iPhoneSimulator.ActiveCfg = Ad-Hoc|iPhoneSimulator
		{1EAE5CCF-2484-459E-82D0-44C6619066CB}.Ad-Hoc|iPhoneSimulator.Build.0 = Ad-Hoc|iPhoneSimulator
		{1EAE5CCF-2484-459E-82D0-44C6619066CB}.Ad-Hoc|x64.ActiveCfg = Ad-Hoc|iPhone
		{1EAE5CCF-2484-459E-82D0-44C6619066CB}.Ad-Hoc|x86.ActiveCfg = Ad-Hoc|iPhone
		{1EAE5CCF-2484-459E-82D0-44C6619066CB}.AppStore|Any CPU.ActiveCfg = AppStore|iPhone
		{1EAE5CCF-2484-459E-82D0-44C6619066CB}.AppStore|ARM.ActiveCfg = AppStore|iPhone
		{1EAE5CCF-2484-459E-82D0-44C6619066CB}.AppStore|iPhone.ActiveCfg = AppStore|iPhone
		{1EAE5CCF-2484-459E-82D0-44C6619066CB}.AppStore|iPhone.Build.0 = AppStore|iPhone
		{1EAE5CCF-2484-459E-82D0-44C6619066CB}.AppStore|iPhoneSimulator.ActiveCfg = AppStore|iPhoneSimulator
		{1EAE5CCF-2484-459E-82D0-44C6619066CB}.AppStore|iPhoneSimulator.Build.0 = AppStore|iPhoneSimulator
		{1EAE5CCF-2484-459E-82D0-44C6619066CB}.AppStore|x64.ActiveCfg = AppStore|iPhone
		{1EAE5CCF-2484-459E-82D0-44C6619066CB}.AppStore|x86.ActiveCfg = AppStore|iPhone
		{1EAE5CCF-2484-459E-82D0-44C6619066CB}.Debug|Any CPU.ActiveCfg = Debug|iPhone
		{1EAE5CCF-2484-459E-82D0-44C6619066CB}.Debug|ARM.ActiveCfg = Debug|iPhone
		{1EAE5CCF-2484-459E-82D0-44C6619066CB}.Debug|iPhone.ActiveCfg = Debug|iPhone
		{1EAE5CCF-2484-459E-82D0-44C6619066CB}.Debug|iPhone.Build.0 = Debug|iPhone
		{1EAE5CCF-2484-459E-82D0-44C6619066CB}.Debug|iPhoneSimulator.ActiveCfg = Debug|iPhoneSimulator
		{1EAE5CCF-2484-459E-82D0-44C6619066CB}.Debug|iPhoneSimulator.Build.0 = Debug|iPhoneSimulator
		{1EAE5CCF-2484-459E-82D0-44C6619066CB}.Debug|x64.ActiveCfg = Debug|iPhone
		{1EAE5CCF-2484-459E-82D0-44C6619066CB}.Debug|x86.ActiveCfg = Debug|iPhone
		{1EAE5CCF-2484-459E-82D0-44C6619066CB}.Release|Any CPU.ActiveCfg = Release|iPhone
		{1EAE5CCF-2484-459E-82D0-44C6619066CB}.Release|ARM.ActiveCfg = Release|iPhone
		{1EAE5CCF-2484-459E-82D0-44C6619066CB}.Release|iPhone.ActiveCfg = Release|iPhone
		{1EAE5CCF-2484-459E-82D0-44C6619066CB}.Release|iPhone.Build.0 = Release|iPhone
		{1EAE5CCF-2484-459E-82D0-44C6619066CB}.Release|iPhoneSimulator.ActiveCfg = Release|iPhoneSimulator
		{1EAE5CCF-2484-459E-82D0-44C6619066CB}.Release|iPhoneSimulator.Build.0 = Release|iPhoneSimulator
		{1EAE5CCF-2484-459E-82D0-44C6619066CB}.Release|x64.ActiveCfg = Release|iPhone
		{1EAE5CCF-2484-459E-82D0-44C6619066CB}.Release|x86.ActiveCfg = Release|iPhone
		{517274B5-08A8-40FF-A58C-0A4132BE8C63}.Ad-Hoc|Any CPU.ActiveCfg = Release|x86
		{517274B5-08A8-40FF-A58C-0A4132BE8C63}.Ad-Hoc|Any CPU.Build.0 = Release|x86
		{517274B5-08A8-40FF-A58C-0A4132BE8C63}.Ad-Hoc|Any CPU.Deploy.0 = Release|x86
		{517274B5-08A8-40FF-A58C-0A4132BE8C63}.Ad-Hoc|ARM.ActiveCfg = Release|ARM
		{517274B5-08A8-40FF-A58C-0A4132BE8C63}.Ad-Hoc|ARM.Build.0 = Release|ARM
		{517274B5-08A8-40FF-A58C-0A4132BE8C63}.Ad-Hoc|ARM.Deploy.0 = Release|ARM
		{517274B5-08A8-40FF-A58C-0A4132BE8C63}.Ad-Hoc|iPhone.ActiveCfg = Release|x86
		{517274B5-08A8-40FF-A58C-0A4132BE8C63}.Ad-Hoc|iPhone.Build.0 = Release|x86
		{517274B5-08A8-40FF-A58C-0A4132BE8C63}.Ad-Hoc|iPhone.Deploy.0 = Release|x86
		{517274B5-08A8-40FF-A58C-0A4132BE8C63}.Ad-Hoc|iPhoneSimulator.ActiveCfg = Release|x86
		{517274B5-08A8-40FF-A58C-0A4132BE8C63}.Ad-Hoc|iPhoneSimulator.Build.0 = Release|x86
		{517274B5-08A8-40FF-A58C-0A4132BE8C63}.Ad-Hoc|iPhoneSimulator.Deploy.0 = Release|x86
		{517274B5-08A8-40FF-A58C-0A4132BE8C63}.Ad-Hoc|x64.ActiveCfg = Release|x64
		{517274B5-08A8-40FF-A58C-0A4132BE8C63}.Ad-Hoc|x64.Build.0 = Release|x64
		{517274B5-08A8-40FF-A58C-0A4132BE8C63}.Ad-Hoc|x64.Deploy.0 = Release|x64
		{517274B5-08A8-40FF-A58C-0A4132BE8C63}.Ad-Hoc|x86.ActiveCfg = Release|x86
		{517274B5-08A8-40FF-A58C-0A4132BE8C63}.Ad-Hoc|x86.Build.0 = Release|x86
		{517274B5-08A8-40FF-A58C-0A4132BE8C63}.Ad-Hoc|x86.Deploy.0 = Release|x86
		{517274B5-08A8-40FF-A58C-0A4132BE8C63}.AppStore|Any CPU.ActiveCfg = Release|x86
		{517274B5-08A8-40FF-A58C-0A4132BE8C63}.AppStore|Any CPU.Build.0 = Release|x86
		{517274B5-08A8-40FF-A58C-0A4132BE8C63}.AppStore|Any CPU.Deploy.0 = Release|x86
		{517274B5-08A8-40FF-A58C-0A4132BE8C63}.AppStore|ARM.ActiveCfg = Release|ARM
		{517274B5-08A8-40FF-A58C-0A4132BE8C63}.AppStore|ARM.Build.0 = Release|ARM
		{517274B5-08A8-40FF-A58C-0A4132BE8C63}.AppStore|ARM.Deploy.0 = Release|ARM
		{517274B5-08A8-40FF-A58C-0A4132BE8C63}.AppStore|iPhone.ActiveCfg = Release|x86
		{517274B5-08A8-40FF-A58C-0A4132BE8C63}.AppStore|iPhone.Build.0 = Release|x86
		{517274B5-08A8-40FF-A58C-0A4132BE8C63}.AppStore|iPhone.Deploy.0 = Release|x86
		{517274B5-08A8-40FF-A58C-0A4132BE8C63}.AppStore|iPhoneSimulator.ActiveCfg = Release|x86
		{517274B5-08A8-40FF-A58C-0A4132BE8C63}.AppStore|iPhoneSimulator.Build.0 = Release|x86
		{517274B5-08A8-40FF-A58C-0A4132BE8C63}.AppStore|iPhoneSimulator.Deploy.0 = Release|x86
		{517274B5-08A8-40FF-A58C-0A4132BE8C63}.AppStore|x64.ActiveCfg = Release|x64
		{517274B5-08A8-40FF-A58C-0A4132BE8C63}.AppStore|x64.Build.0 = Release|x64
		{517274B5-08A8-40FF-A58C-0A4132BE8C63}.AppStore|x64.Deploy.0 = Release|x64
		{517274B5-08A8-40FF-A58C-0A4132BE8C63}.AppStore|x86.ActiveCfg = Release|x86
		{517274B5-08A8-40FF-A58C-0A4132BE8C63}.AppStore|x86.Build.0 = Release|x86
		{517274B5-08A8-40FF-A58C-0A4132BE8C63}.AppStore|x86.Deploy.0 = Release|x86
		{517274B5-08A8-40FF-A58C-0A4132BE8C63}.Debug|Any CPU.ActiveCfg = Debug|x86
		{517274B5-08A8-40FF-A58C-0A4132BE8C63}.Debug|ARM.ActiveCfg = Debug|ARM
		{517274B5-08A8-40FF-A58C-0A4132BE8C63}.Debug|ARM.Build.0 = Debug|ARM
		{517274B5-08A8-40FF-A58C-0A4132BE8C63}.Debug|ARM.Deploy.0 = Debug|ARM
		{517274B5-08A8-40FF-A58C-0A4132BE8C63}.Debug|iPhone.ActiveCfg = Debug|x86
		{517274B5-08A8-40FF-A58C-0A4132BE8C63}.Debug|iPhoneSimulator.ActiveCfg = Debug|x86
		{517274B5-08A8-40FF-A58C-0A4132BE8C63}.Debug|x64.ActiveCfg = Debug|x64
		{517274B5-08A8-40FF-A58C-0A4132BE8C63}.Debug|x64.Build.0 = Debug|x64
		{517274B5-08A8-40FF-A58C-0A4132BE8C63}.Debug|x64.Deploy.0 = Debug|x64
		{517274B5-08A8-40FF-A58C-0A4132BE8C63}.Debug|x86.ActiveCfg = Debug|x86
		{517274B5-08A8-40FF-A58C-0A4132BE8C63}.Debug|x86.Build.0 = Debug|x86
		{517274B5-08A8-40FF-A58C-0A4132BE8C63}.Debug|x86.Deploy.0 = Debug|x86
		{517274B5-08A8-40FF-A58C-0A4132BE8C63}.Release|Any CPU.ActiveCfg = Release|x86
		{517274B5-08A8-40FF-A58C-0A4132BE8C63}.Release|ARM.ActiveCfg = Release|ARM
		{517274B5-08A8-40FF-A58C-0A4132BE8C63}.Release|ARM.Build.0 = Release|ARM
		{517274B5-08A8-40FF-A58C-0A4132BE8C63}.Release|ARM.Deploy.0 = Release|ARM
		{517274B5-08A8-40FF-A58C-0A4132BE8C63}.Release|iPhone.ActiveCfg = Release|x86
		{517274B5-08A8-40FF-A58C-0A4132BE8C63}.Release|iPhoneSimulator.ActiveCfg = Release|x86
		{517274B5-08A8-40FF-A58C-0A4132BE8C63}.Release|x64.ActiveCfg = Release|x64
		{517274B5-08A8-40FF-A58C-0A4132BE8C63}.Release|x64.Build.0 = Release|x64
		{517274B5-08A8-40FF-A58C-0A4132BE8C63}.Release|x64.Deploy.0 = Release|x64
		{517274B5-08A8-40FF-A58C-0A4132BE8C63}.Release|x86.ActiveCfg = Release|x86
		{517274B5-08A8-40FF-A58C-0A4132BE8C63}.Release|x86.Build.0 = Release|x86
		{517274B5-08A8-40FF-A58C-0A4132BE8C63}.Release|x86.Deploy.0 = Release|x86
		{F236DBC7-686A-4A8B-9212-A91711178EBA}.Ad-Hoc|Any CPU.ActiveCfg = Release|Any CPU
		{F236DBC7-686A-4A8B-9212-A91711178EBA}.Ad-Hoc|Any CPU.Build.0 = Release|Any CPU
		{F236DBC7-686A-4A8B-9212-A91711178EBA}.Ad-Hoc|ARM.ActiveCfg = Release|Any CPU
		{F236DBC7-686A-4A8B-9212-A91711178EBA}.Ad-Hoc|ARM.Build.0 = Release|Any CPU
		{F236DBC7-686A-4A8B-9212-A91711178EBA}.Ad-Hoc|iPhone.ActiveCfg = Release|Any CPU
		{F236DBC7-686A-4A8B-9212-A91711178EBA}.Ad-Hoc|iPhone.Build.0 = Release|Any CPU
		{F236DBC7-686A-4A8B-9212-A91711178EBA}.Ad-Hoc|iPhoneSimulator.ActiveCfg = Release|Any CPU
		{F236DBC7-686A-4A8B-9212-A91711178EBA}.Ad-Hoc|iPhoneSimulator.Build.0 = Release|Any CPU
		{F236DBC7-686A-4A8B-9212-A91711178EBA}.Ad-Hoc|x64.ActiveCfg = Release|Any CPU
		{F236DBC7-686A-4A8B-9212-A91711178EBA}.Ad-Hoc|x64.Build.0 = Release|Any CPU
		{F236DBC7-686A-4A8B-9212-A91711178EBA}.Ad-Hoc|x86.ActiveCfg = Release|Any CPU
		{F236DBC7-686A-4A8B-9212-A91711178EBA}.Ad-Hoc|x86.Build.0 = Release|Any CPU
		{F236DBC7-686A-4A8B-9212-A91711178EBA}.AppStore|Any CPU.ActiveCfg = Release|Any CPU
		{F236DBC7-686A-4A8B-9212-A91711178EBA}.AppStore|Any CPU.Build.0 = Release|Any CPU
		{F236DBC7-686A-4A8B-9212-A91711178EBA}.AppStore|ARM.ActiveCfg = Release|Any CPU
		{F236DBC7-686A-4A8B-9212-A91711178EBA}.AppStore|ARM.Build.0 = Release|Any CPU
		{F236DBC7-686A-4A8B-9212-A91711178EBA}.AppStore|iPhone.ActiveCfg = Release|Any CPU
		{F236DBC7-686A-4A8B-9212-A91711178EBA}.AppStore|iPhone.Build.0 = Release|Any CPU
		{F236DBC7-686A-4A8B-9212-A91711178EBA}.AppStore|iPhoneSimulator.ActiveCfg = Release|Any CPU
		{F236DBC7-686A-4A8B-9212-A91711178EBA}.AppStore|iPhoneSimulator.Build.0 = Release|Any CPU
		{F236DBC7-686A-4A8B-9212-A91711178EBA}.AppStore|x64.ActiveCfg = Release|Any CPU
		{F236DBC7-686A-4A8B-9212-A91711178EBA}.AppStore|x64.Build.0 = Release|Any CPU
		{F236DBC7-686A-4A8B-9212-A91711178EBA}.AppStore|x86.ActiveCfg = Release|Any CPU
		{F236DBC7-686A-4A8B-9212-A91711178EBA}.AppStore|x86.Build.0 = Release|Any CPU
		{F236DBC7-686A-4A8B-9212-A91711178EBA}.Debug|Any CPU.ActiveCfg = Debug|Any CPU
		{F236DBC7-686A-4A8B-9212-A91711178EBA}.Debug|Any CPU.Build.0 = Debug|Any CPU
		{F236DBC7-686A-4A8B-9212-A91711178EBA}.Debug|ARM.ActiveCfg = Debug|Any CPU
		{F236DBC7-686A-4A8B-9212-A91711178EBA}.Debug|ARM.Build.0 = Debug|Any CPU
		{F236DBC7-686A-4A8B-9212-A91711178EBA}.Debug|iPhone.ActiveCfg = Debug|Any CPU
		{F236DBC7-686A-4A8B-9212-A91711178EBA}.Debug|iPhone.Build.0 = Debug|Any CPU
		{F236DBC7-686A-4A8B-9212-A91711178EBA}.Debug|iPhoneSimulator.ActiveCfg = Debug|Any CPU
		{F236DBC7-686A-4A8B-9212-A91711178EBA}.Debug|iPhoneSimulator.Build.0 = Debug|Any CPU
		{F236DBC7-686A-4A8B-9212-A91711178EBA}.Debug|x64.ActiveCfg = Debug|Any CPU
		{F236DBC7-686A-4A8B-9212-A91711178EBA}.Debug|x64.Build.0 = Debug|Any CPU
		{F236DBC7-686A-4A8B-9212-A91711178EBA}.Debug|x86.ActiveCfg = Debug|Any CPU
		{F236DBC7-686A-4A8B-9212-A91711178EBA}.Debug|x86.Build.0 = Debug|Any CPU
		{F236DBC7-686A-4A8B-9212-A91711178EBA}.Release|Any CPU.ActiveCfg = Release|Any CPU
		{F236DBC7-686A-4A8B-9212-A91711178EBA}.Release|Any CPU.Build.0 = Release|Any CPU
		{F236DBC7-686A-4A8B-9212-A91711178EBA}.Release|ARM.ActiveCfg = Release|Any CPU
		{F236DBC7-686A-4A8B-9212-A91711178EBA}.Release|ARM.Build.0 = Release|Any CPU
		{F236DBC7-686A-4A8B-9212-A91711178EBA}.Release|iPhone.ActiveCfg = Release|Any CPU
		{F236DBC7-686A-4A8B-9212-A91711178EBA}.Release|iPhone.Build.0 = Release|Any CPU
		{F236DBC7-686A-4A8B-9212-A91711178EBA}.Release|iPhoneSimulator.ActiveCfg = Release|Any CPU
		{F236DBC7-686A-4A8B-9212-A91711178EBA}.Release|iPhoneSimulator.Build.0 = Release|Any CPU
		{F236DBC7-686A-4A8B-9212-A91711178EBA}.Release|x64.ActiveCfg = Release|Any CPU
		{F236DBC7-686A-4A8B-9212-A91711178EBA}.Release|x64.Build.0 = Release|Any CPU
		{F236DBC7-686A-4A8B-9212-A91711178EBA}.Release|x86.ActiveCfg = Release|Any CPU
		{F236DBC7-686A-4A8B-9212-A91711178EBA}.Release|x86.Build.0 = Release|Any CPU
		{DC2C3F43-F5EE-4DDC-9FC9-0C7AD0E522BE}.Ad-Hoc|Any CPU.ActiveCfg = Release|Any CPU
		{DC2C3F43-F5EE-4DDC-9FC9-0C7AD0E522BE}.Ad-Hoc|Any CPU.Build.0 = Release|Any CPU
		{DC2C3F43-F5EE-4DDC-9FC9-0C7AD0E522BE}.Ad-Hoc|ARM.ActiveCfg = Release|Any CPU
		{DC2C3F43-F5EE-4DDC-9FC9-0C7AD0E522BE}.Ad-Hoc|ARM.Build.0 = Release|Any CPU
		{DC2C3F43-F5EE-4DDC-9FC9-0C7AD0E522BE}.Ad-Hoc|iPhone.ActiveCfg = Release|Any CPU
		{DC2C3F43-F5EE-4DDC-9FC9-0C7AD0E522BE}.Ad-Hoc|iPhone.Build.0 = Release|Any CPU
		{DC2C3F43-F5EE-4DDC-9FC9-0C7AD0E522BE}.Ad-Hoc|iPhoneSimulator.ActiveCfg = Release|Any CPU
		{DC2C3F43-F5EE-4DDC-9FC9-0C7AD0E522BE}.Ad-Hoc|iPhoneSimulator.Build.0 = Release|Any CPU
		{DC2C3F43-F5EE-4DDC-9FC9-0C7AD0E522BE}.Ad-Hoc|x64.ActiveCfg = Release|Any CPU
		{DC2C3F43-F5EE-4DDC-9FC9-0C7AD0E522BE}.Ad-Hoc|x64.Build.0 = Release|Any CPU
		{DC2C3F43-F5EE-4DDC-9FC9-0C7AD0E522BE}.Ad-Hoc|x86.ActiveCfg = Release|Any CPU
		{DC2C3F43-F5EE-4DDC-9FC9-0C7AD0E522BE}.Ad-Hoc|x86.Build.0 = Release|Any CPU
		{DC2C3F43-F5EE-4DDC-9FC9-0C7AD0E522BE}.AppStore|Any CPU.ActiveCfg = Release|Any CPU
		{DC2C3F43-F5EE-4DDC-9FC9-0C7AD0E522BE}.AppStore|Any CPU.Build.0 = Release|Any CPU
		{DC2C3F43-F5EE-4DDC-9FC9-0C7AD0E522BE}.AppStore|ARM.ActiveCfg = Release|Any CPU
		{DC2C3F43-F5EE-4DDC-9FC9-0C7AD0E522BE}.AppStore|ARM.Build.0 = Release|Any CPU
		{DC2C3F43-F5EE-4DDC-9FC9-0C7AD0E522BE}.AppStore|iPhone.ActiveCfg = Release|Any CPU
		{DC2C3F43-F5EE-4DDC-9FC9-0C7AD0E522BE}.AppStore|iPhone.Build.0 = Release|Any CPU
		{DC2C3F43-F5EE-4DDC-9FC9-0C7AD0E522BE}.AppStore|iPhoneSimulator.ActiveCfg = Release|Any CPU
		{DC2C3F43-F5EE-4DDC-9FC9-0C7AD0E522BE}.AppStore|iPhoneSimulator.Build.0 = Release|Any CPU
		{DC2C3F43-F5EE-4DDC-9FC9-0C7AD0E522BE}.AppStore|x64.ActiveCfg = Release|Any CPU
		{DC2C3F43-F5EE-4DDC-9FC9-0C7AD0E522BE}.AppStore|x64.Build.0 = Release|Any CPU
		{DC2C3F43-F5EE-4DDC-9FC9-0C7AD0E522BE}.AppStore|x86.ActiveCfg = Release|Any CPU
		{DC2C3F43-F5EE-4DDC-9FC9-0C7AD0E522BE}.AppStore|x86.Build.0 = Release|Any CPU
		{DC2C3F43-F5EE-4DDC-9FC9-0C7AD0E522BE}.Debug|Any CPU.ActiveCfg = Debug|Any CPU
		{DC2C3F43-F5EE-4DDC-9FC9-0C7AD0E522BE}.Debug|Any CPU.Build.0 = Debug|Any CPU
		{DC2C3F43-F5EE-4DDC-9FC9-0C7AD0E522BE}.Debug|ARM.ActiveCfg = Debug|Any CPU
		{DC2C3F43-F5EE-4DDC-9FC9-0C7AD0E522BE}.Debug|ARM.Build.0 = Debug|Any CPU
		{DC2C3F43-F5EE-4DDC-9FC9-0C7AD0E522BE}.Debug|iPhone.ActiveCfg = Debug|Any CPU
		{DC2C3F43-F5EE-4DDC-9FC9-0C7AD0E522BE}.Debug|iPhone.Build.0 = Debug|Any CPU
		{DC2C3F43-F5EE-4DDC-9FC9-0C7AD0E522BE}.Debug|iPhoneSimulator.ActiveCfg = Debug|Any CPU
		{DC2C3F43-F5EE-4DDC-9FC9-0C7AD0E522BE}.Debug|iPhoneSimulator.Build.0 = Debug|Any CPU
		{DC2C3F43-F5EE-4DDC-9FC9-0C7AD0E522BE}.Debug|x64.ActiveCfg = Debug|Any CPU
		{DC2C3F43-F5EE-4DDC-9FC9-0C7AD0E522BE}.Debug|x64.Build.0 = Debug|Any CPU
		{DC2C3F43-F5EE-4DDC-9FC9-0C7AD0E522BE}.Debug|x86.ActiveCfg = Debug|Any CPU
		{DC2C3F43-F5EE-4DDC-9FC9-0C7AD0E522BE}.Debug|x86.Build.0 = Debug|Any CPU
		{DC2C3F43-F5EE-4DDC-9FC9-0C7AD0E522BE}.Release|Any CPU.ActiveCfg = Release|Any CPU
		{DC2C3F43-F5EE-4DDC-9FC9-0C7AD0E522BE}.Release|Any CPU.Build.0 = Release|Any CPU
		{DC2C3F43-F5EE-4DDC-9FC9-0C7AD0E522BE}.Release|ARM.ActiveCfg = Release|Any CPU
		{DC2C3F43-F5EE-4DDC-9FC9-0C7AD0E522BE}.Release|ARM.Build.0 = Release|Any CPU
		{DC2C3F43-F5EE-4DDC-9FC9-0C7AD0E522BE}.Release|iPhone.ActiveCfg = Release|Any CPU
		{DC2C3F43-F5EE-4DDC-9FC9-0C7AD0E522BE}.Release|iPhone.Build.0 = Release|Any CPU
		{DC2C3F43-F5EE-4DDC-9FC9-0C7AD0E522BE}.Release|iPhoneSimulator.ActiveCfg = Release|Any CPU
		{DC2C3F43-F5EE-4DDC-9FC9-0C7AD0E522BE}.Release|iPhoneSimulator.Build.0 = Release|Any CPU
		{DC2C3F43-F5EE-4DDC-9FC9-0C7AD0E522BE}.Release|x64.ActiveCfg = Release|Any CPU
		{DC2C3F43-F5EE-4DDC-9FC9-0C7AD0E522BE}.Release|x64.Build.0 = Release|Any CPU
		{DC2C3F43-F5EE-4DDC-9FC9-0C7AD0E522BE}.Release|x86.ActiveCfg = Release|Any CPU
		{DC2C3F43-F5EE-4DDC-9FC9-0C7AD0E522BE}.Release|x86.Build.0 = Release|Any CPU
		{3B2BAB59-AF2E-44A2-8493-FC7F05E98426}.Ad-Hoc|Any CPU.ActiveCfg = Release|Any CPU
		{3B2BAB59-AF2E-44A2-8493-FC7F05E98426}.Ad-Hoc|Any CPU.Build.0 = Release|Any CPU
		{3B2BAB59-AF2E-44A2-8493-FC7F05E98426}.Ad-Hoc|ARM.ActiveCfg = Release|Any CPU
		{3B2BAB59-AF2E-44A2-8493-FC7F05E98426}.Ad-Hoc|ARM.Build.0 = Release|Any CPU
		{3B2BAB59-AF2E-44A2-8493-FC7F05E98426}.Ad-Hoc|iPhone.ActiveCfg = Release|Any CPU
		{3B2BAB59-AF2E-44A2-8493-FC7F05E98426}.Ad-Hoc|iPhone.Build.0 = Release|Any CPU
		{3B2BAB59-AF2E-44A2-8493-FC7F05E98426}.Ad-Hoc|iPhoneSimulator.ActiveCfg = Release|Any CPU
		{3B2BAB59-AF2E-44A2-8493-FC7F05E98426}.Ad-Hoc|iPhoneSimulator.Build.0 = Release|Any CPU
		{3B2BAB59-AF2E-44A2-8493-FC7F05E98426}.Ad-Hoc|x64.ActiveCfg = Release|Any CPU
		{3B2BAB59-AF2E-44A2-8493-FC7F05E98426}.Ad-Hoc|x64.Build.0 = Release|Any CPU
		{3B2BAB59-AF2E-44A2-8493-FC7F05E98426}.Ad-Hoc|x86.ActiveCfg = Release|Any CPU
		{3B2BAB59-AF2E-44A2-8493-FC7F05E98426}.Ad-Hoc|x86.Build.0 = Release|Any CPU
		{3B2BAB59-AF2E-44A2-8493-FC7F05E98426}.AppStore|Any CPU.ActiveCfg = Release|Any CPU
		{3B2BAB59-AF2E-44A2-8493-FC7F05E98426}.AppStore|Any CPU.Build.0 = Release|Any CPU
		{3B2BAB59-AF2E-44A2-8493-FC7F05E98426}.AppStore|ARM.ActiveCfg = Release|Any CPU
		{3B2BAB59-AF2E-44A2-8493-FC7F05E98426}.AppStore|ARM.Build.0 = Release|Any CPU
		{3B2BAB59-AF2E-44A2-8493-FC7F05E98426}.AppStore|iPhone.ActiveCfg = Release|Any CPU
		{3B2BAB59-AF2E-44A2-8493-FC7F05E98426}.AppStore|iPhone.Build.0 = Release|Any CPU
		{3B2BAB59-AF2E-44A2-8493-FC7F05E98426}.AppStore|iPhoneSimulator.ActiveCfg = Release|Any CPU
		{3B2BAB59-AF2E-44A2-8493-FC7F05E98426}.AppStore|iPhoneSimulator.Build.0 = Release|Any CPU
		{3B2BAB59-AF2E-44A2-8493-FC7F05E98426}.AppStore|x64.ActiveCfg = Release|Any CPU
		{3B2BAB59-AF2E-44A2-8493-FC7F05E98426}.AppStore|x64.Build.0 = Release|Any CPU
		{3B2BAB59-AF2E-44A2-8493-FC7F05E98426}.AppStore|x86.ActiveCfg = Release|Any CPU
		{3B2BAB59-AF2E-44A2-8493-FC7F05E98426}.AppStore|x86.Build.0 = Release|Any CPU
		{3B2BAB59-AF2E-44A2-8493-FC7F05E98426}.Debug|Any CPU.ActiveCfg = Debug|Any CPU
		{3B2BAB59-AF2E-44A2-8493-FC7F05E98426}.Debug|Any CPU.Build.0 = Debug|Any CPU
		{3B2BAB59-AF2E-44A2-8493-FC7F05E98426}.Debug|Any CPU.Deploy.0 = Debug|Any CPU
		{3B2BAB59-AF2E-44A2-8493-FC7F05E98426}.Debug|ARM.ActiveCfg = Debug|Any CPU
		{3B2BAB59-AF2E-44A2-8493-FC7F05E98426}.Debug|ARM.Build.0 = Debug|Any CPU
		{3B2BAB59-AF2E-44A2-8493-FC7F05E98426}.Debug|iPhone.ActiveCfg = Debug|Any CPU
		{3B2BAB59-AF2E-44A2-8493-FC7F05E98426}.Debug|iPhone.Build.0 = Debug|Any CPU
		{3B2BAB59-AF2E-44A2-8493-FC7F05E98426}.Debug|iPhoneSimulator.ActiveCfg = Debug|Any CPU
		{3B2BAB59-AF2E-44A2-8493-FC7F05E98426}.Debug|iPhoneSimulator.Build.0 = Debug|Any CPU
		{3B2BAB59-AF2E-44A2-8493-FC7F05E98426}.Debug|x64.ActiveCfg = Debug|Any CPU
		{3B2BAB59-AF2E-44A2-8493-FC7F05E98426}.Debug|x64.Build.0 = Debug|Any CPU
		{3B2BAB59-AF2E-44A2-8493-FC7F05E98426}.Debug|x86.ActiveCfg = Debug|Any CPU
		{3B2BAB59-AF2E-44A2-8493-FC7F05E98426}.Debug|x86.Build.0 = Debug|Any CPU
		{3B2BAB59-AF2E-44A2-8493-FC7F05E98426}.Release|Any CPU.ActiveCfg = Release|Any CPU
		{3B2BAB59-AF2E-44A2-8493-FC7F05E98426}.Release|Any CPU.Build.0 = Release|Any CPU
		{3B2BAB59-AF2E-44A2-8493-FC7F05E98426}.Release|Any CPU.Deploy.0 = Release|Any CPU
		{3B2BAB59-AF2E-44A2-8493-FC7F05E98426}.Release|ARM.ActiveCfg = Release|Any CPU
		{3B2BAB59-AF2E-44A2-8493-FC7F05E98426}.Release|ARM.Build.0 = Release|Any CPU
		{3B2BAB59-AF2E-44A2-8493-FC7F05E98426}.Release|iPhone.ActiveCfg = Release|Any CPU
		{3B2BAB59-AF2E-44A2-8493-FC7F05E98426}.Release|iPhone.Build.0 = Release|Any CPU
		{3B2BAB59-AF2E-44A2-8493-FC7F05E98426}.Release|iPhoneSimulator.ActiveCfg = Release|Any CPU
		{3B2BAB59-AF2E-44A2-8493-FC7F05E98426}.Release|iPhoneSimulator.Build.0 = Release|Any CPU
		{3B2BAB59-AF2E-44A2-8493-FC7F05E98426}.Release|x64.ActiveCfg = Release|Any CPU
		{3B2BAB59-AF2E-44A2-8493-FC7F05E98426}.Release|x64.Build.0 = Release|Any CPU
		{3B2BAB59-AF2E-44A2-8493-FC7F05E98426}.Release|x86.ActiveCfg = Release|Any CPU
		{3B2BAB59-AF2E-44A2-8493-FC7F05E98426}.Release|x86.Build.0 = Release|Any CPU
		{DCAF9AD3-3CC7-4637-993D-D1422CB7B89E}.Ad-Hoc|Any CPU.ActiveCfg = Release|Any CPU
		{DCAF9AD3-3CC7-4637-993D-D1422CB7B89E}.Ad-Hoc|Any CPU.Build.0 = Release|Any CPU
		{DCAF9AD3-3CC7-4637-993D-D1422CB7B89E}.Ad-Hoc|ARM.ActiveCfg = Release|Any CPU
		{DCAF9AD3-3CC7-4637-993D-D1422CB7B89E}.Ad-Hoc|ARM.Build.0 = Release|Any CPU
		{DCAF9AD3-3CC7-4637-993D-D1422CB7B89E}.Ad-Hoc|iPhone.ActiveCfg = Release|Any CPU
		{DCAF9AD3-3CC7-4637-993D-D1422CB7B89E}.Ad-Hoc|iPhone.Build.0 = Release|Any CPU
		{DCAF9AD3-3CC7-4637-993D-D1422CB7B89E}.Ad-Hoc|iPhoneSimulator.ActiveCfg = Release|Any CPU
		{DCAF9AD3-3CC7-4637-993D-D1422CB7B89E}.Ad-Hoc|iPhoneSimulator.Build.0 = Release|Any CPU
		{DCAF9AD3-3CC7-4637-993D-D1422CB7B89E}.Ad-Hoc|x64.ActiveCfg = Release|Any CPU
		{DCAF9AD3-3CC7-4637-993D-D1422CB7B89E}.Ad-Hoc|x64.Build.0 = Release|Any CPU
		{DCAF9AD3-3CC7-4637-993D-D1422CB7B89E}.Ad-Hoc|x86.ActiveCfg = Release|Any CPU
		{DCAF9AD3-3CC7-4637-993D-D1422CB7B89E}.Ad-Hoc|x86.Build.0 = Release|Any CPU
		{DCAF9AD3-3CC7-4637-993D-D1422CB7B89E}.AppStore|Any CPU.ActiveCfg = Release|Any CPU
		{DCAF9AD3-3CC7-4637-993D-D1422CB7B89E}.AppStore|Any CPU.Build.0 = Release|Any CPU
		{DCAF9AD3-3CC7-4637-993D-D1422CB7B89E}.AppStore|ARM.ActiveCfg = Release|Any CPU
		{DCAF9AD3-3CC7-4637-993D-D1422CB7B89E}.AppStore|ARM.Build.0 = Release|Any CPU
		{DCAF9AD3-3CC7-4637-993D-D1422CB7B89E}.AppStore|iPhone.ActiveCfg = Release|Any CPU
		{DCAF9AD3-3CC7-4637-993D-D1422CB7B89E}.AppStore|iPhone.Build.0 = Release|Any CPU
		{DCAF9AD3-3CC7-4637-993D-D1422CB7B89E}.AppStore|iPhoneSimulator.ActiveCfg = Release|Any CPU
		{DCAF9AD3-3CC7-4637-993D-D1422CB7B89E}.AppStore|iPhoneSimulator.Build.0 = Release|Any CPU
		{DCAF9AD3-3CC7-4637-993D-D1422CB7B89E}.AppStore|x64.ActiveCfg = Release|Any CPU
		{DCAF9AD3-3CC7-4637-993D-D1422CB7B89E}.AppStore|x64.Build.0 = Release|Any CPU
		{DCAF9AD3-3CC7-4637-993D-D1422CB7B89E}.AppStore|x86.ActiveCfg = Release|Any CPU
		{DCAF9AD3-3CC7-4637-993D-D1422CB7B89E}.AppStore|x86.Build.0 = Release|Any CPU
		{DCAF9AD3-3CC7-4637-993D-D1422CB7B89E}.Debug|Any CPU.ActiveCfg = Debug|Any CPU
		{DCAF9AD3-3CC7-4637-993D-D1422CB7B89E}.Debug|Any CPU.Build.0 = Debug|Any CPU
		{DCAF9AD3-3CC7-4637-993D-D1422CB7B89E}.Debug|ARM.ActiveCfg = Debug|Any CPU
		{DCAF9AD3-3CC7-4637-993D-D1422CB7B89E}.Debug|ARM.Build.0 = Debug|Any CPU
		{DCAF9AD3-3CC7-4637-993D-D1422CB7B89E}.Debug|iPhone.ActiveCfg = Debug|Any CPU
		{DCAF9AD3-3CC7-4637-993D-D1422CB7B89E}.Debug|iPhone.Build.0 = Debug|Any CPU
		{DCAF9AD3-3CC7-4637-993D-D1422CB7B89E}.Debug|iPhoneSimulator.ActiveCfg = Debug|Any CPU
		{DCAF9AD3-3CC7-4637-993D-D1422CB7B89E}.Debug|iPhoneSimulator.Build.0 = Debug|Any CPU
		{DCAF9AD3-3CC7-4637-993D-D1422CB7B89E}.Debug|x64.ActiveCfg = Debug|Any CPU
		{DCAF9AD3-3CC7-4637-993D-D1422CB7B89E}.Debug|x64.Build.0 = Debug|Any CPU
		{DCAF9AD3-3CC7-4637-993D-D1422CB7B89E}.Debug|x86.ActiveCfg = Debug|Any CPU
		{DCAF9AD3-3CC7-4637-993D-D1422CB7B89E}.Debug|x86.Build.0 = Debug|Any CPU
		{DCAF9AD3-3CC7-4637-993D-D1422CB7B89E}.Release|Any CPU.ActiveCfg = Release|Any CPU
		{DCAF9AD3-3CC7-4637-993D-D1422CB7B89E}.Release|Any CPU.Build.0 = Release|Any CPU
		{DCAF9AD3-3CC7-4637-993D-D1422CB7B89E}.Release|ARM.ActiveCfg = Release|Any CPU
		{DCAF9AD3-3CC7-4637-993D-D1422CB7B89E}.Release|ARM.Build.0 = Release|Any CPU
		{DCAF9AD3-3CC7-4637-993D-D1422CB7B89E}.Release|iPhone.ActiveCfg = Release|Any CPU
		{DCAF9AD3-3CC7-4637-993D-D1422CB7B89E}.Release|iPhone.Build.0 = Release|Any CPU
		{DCAF9AD3-3CC7-4637-993D-D1422CB7B89E}.Release|iPhoneSimulator.ActiveCfg = Release|Any CPU
		{DCAF9AD3-3CC7-4637-993D-D1422CB7B89E}.Release|iPhoneSimulator.Build.0 = Release|Any CPU
		{DCAF9AD3-3CC7-4637-993D-D1422CB7B89E}.Release|x64.ActiveCfg = Release|Any CPU
		{DCAF9AD3-3CC7-4637-993D-D1422CB7B89E}.Release|x64.Build.0 = Release|Any CPU
		{DCAF9AD3-3CC7-4637-993D-D1422CB7B89E}.Release|x86.ActiveCfg = Release|Any CPU
		{DCAF9AD3-3CC7-4637-993D-D1422CB7B89E}.Release|x86.Build.0 = Release|Any CPU
		{DE70238A-120F-4D49-BF65-5B2AF1B52CB4}.Ad-Hoc|Any CPU.ActiveCfg = Release|x64
		{DE70238A-120F-4D49-BF65-5B2AF1B52CB4}.Ad-Hoc|Any CPU.Build.0 = Release|x64
		{DE70238A-120F-4D49-BF65-5B2AF1B52CB4}.Ad-Hoc|Any CPU.Deploy.0 = Release|x64
		{DE70238A-120F-4D49-BF65-5B2AF1B52CB4}.Ad-Hoc|ARM.ActiveCfg = Release|ARM
		{DE70238A-120F-4D49-BF65-5B2AF1B52CB4}.Ad-Hoc|ARM.Build.0 = Release|ARM
		{DE70238A-120F-4D49-BF65-5B2AF1B52CB4}.Ad-Hoc|ARM.Deploy.0 = Release|ARM
		{DE70238A-120F-4D49-BF65-5B2AF1B52CB4}.Ad-Hoc|ARM64.ActiveCfg = Release|ARM64
		{DE70238A-120F-4D49-BF65-5B2AF1B52CB4}.Ad-Hoc|ARM64.Build.0 = Release|ARM64
		{DE70238A-120F-4D49-BF65-5B2AF1B52CB4}.Ad-Hoc|ARM64.Deploy.0 = Release|ARM64
		{DE70238A-120F-4D49-BF65-5B2AF1B52CB4}.Ad-Hoc|iPhone.ActiveCfg = Release|x64
		{DE70238A-120F-4D49-BF65-5B2AF1B52CB4}.Ad-Hoc|iPhone.Build.0 = Release|x64
		{DE70238A-120F-4D49-BF65-5B2AF1B52CB4}.Ad-Hoc|iPhone.Deploy.0 = Release|x64
		{DE70238A-120F-4D49-BF65-5B2AF1B52CB4}.Ad-Hoc|iPhoneSimulator.ActiveCfg = Release|x64
		{DE70238A-120F-4D49-BF65-5B2AF1B52CB4}.Ad-Hoc|iPhoneSimulator.Build.0 = Release|x64
		{DE70238A-120F-4D49-BF65-5B2AF1B52CB4}.Ad-Hoc|iPhoneSimulator.Deploy.0 = Release|x64
		{DE70238A-120F-4D49-BF65-5B2AF1B52CB4}.Ad-Hoc|x64.ActiveCfg = Release|x64
		{DE70238A-120F-4D49-BF65-5B2AF1B52CB4}.Ad-Hoc|x64.Build.0 = Release|x64
		{DE70238A-120F-4D49-BF65-5B2AF1B52CB4}.Ad-Hoc|x64.Deploy.0 = Release|x64
		{DE70238A-120F-4D49-BF65-5B2AF1B52CB4}.Ad-Hoc|x86.ActiveCfg = Release|x86
		{DE70238A-120F-4D49-BF65-5B2AF1B52CB4}.Ad-Hoc|x86.Build.0 = Release|x86
		{DE70238A-120F-4D49-BF65-5B2AF1B52CB4}.Ad-Hoc|x86.Deploy.0 = Release|x86
		{DE70238A-120F-4D49-BF65-5B2AF1B52CB4}.AppStore|Any CPU.ActiveCfg = Release|x64
		{DE70238A-120F-4D49-BF65-5B2AF1B52CB4}.AppStore|Any CPU.Build.0 = Release|x64
		{DE70238A-120F-4D49-BF65-5B2AF1B52CB4}.AppStore|Any CPU.Deploy.0 = Release|x64
		{DE70238A-120F-4D49-BF65-5B2AF1B52CB4}.AppStore|ARM.ActiveCfg = Release|ARM
		{DE70238A-120F-4D49-BF65-5B2AF1B52CB4}.AppStore|ARM.Build.0 = Release|ARM
		{DE70238A-120F-4D49-BF65-5B2AF1B52CB4}.AppStore|ARM.Deploy.0 = Release|ARM
		{DE70238A-120F-4D49-BF65-5B2AF1B52CB4}.AppStore|ARM64.ActiveCfg = Release|ARM64
		{DE70238A-120F-4D49-BF65-5B2AF1B52CB4}.AppStore|ARM64.Build.0 = Release|ARM64
		{DE70238A-120F-4D49-BF65-5B2AF1B52CB4}.AppStore|ARM64.Deploy.0 = Release|ARM64
		{DE70238A-120F-4D49-BF65-5B2AF1B52CB4}.AppStore|iPhone.ActiveCfg = Release|x64
		{DE70238A-120F-4D49-BF65-5B2AF1B52CB4}.AppStore|iPhone.Build.0 = Release|x64
		{DE70238A-120F-4D49-BF65-5B2AF1B52CB4}.AppStore|iPhone.Deploy.0 = Release|x64
		{DE70238A-120F-4D49-BF65-5B2AF1B52CB4}.AppStore|iPhoneSimulator.ActiveCfg = Release|x64
		{DE70238A-120F-4D49-BF65-5B2AF1B52CB4}.AppStore|iPhoneSimulator.Build.0 = Release|x64
		{DE70238A-120F-4D49-BF65-5B2AF1B52CB4}.AppStore|iPhoneSimulator.Deploy.0 = Release|x64
		{DE70238A-120F-4D49-BF65-5B2AF1B52CB4}.AppStore|x64.ActiveCfg = Release|x64
		{DE70238A-120F-4D49-BF65-5B2AF1B52CB4}.AppStore|x64.Build.0 = Release|x64
		{DE70238A-120F-4D49-BF65-5B2AF1B52CB4}.AppStore|x64.Deploy.0 = Release|x64
		{DE70238A-120F-4D49-BF65-5B2AF1B52CB4}.AppStore|x86.ActiveCfg = Release|x86
		{DE70238A-120F-4D49-BF65-5B2AF1B52CB4}.AppStore|x86.Build.0 = Release|x86
		{DE70238A-120F-4D49-BF65-5B2AF1B52CB4}.AppStore|x86.Deploy.0 = Release|x86
		{DE70238A-120F-4D49-BF65-5B2AF1B52CB4}.Debug|Any CPU.ActiveCfg = Debug|x86
		{DE70238A-120F-4D49-BF65-5B2AF1B52CB4}.Debug|ARM.ActiveCfg = Debug|ARM
		{DE70238A-120F-4D49-BF65-5B2AF1B52CB4}.Debug|ARM.Build.0 = Debug|ARM
		{DE70238A-120F-4D49-BF65-5B2AF1B52CB4}.Debug|ARM.Deploy.0 = Debug|ARM
		{DE70238A-120F-4D49-BF65-5B2AF1B52CB4}.Debug|ARM64.ActiveCfg = Debug|ARM64
		{DE70238A-120F-4D49-BF65-5B2AF1B52CB4}.Debug|ARM64.Build.0 = Debug|ARM64
		{DE70238A-120F-4D49-BF65-5B2AF1B52CB4}.Debug|ARM64.Deploy.0 = Debug|ARM64
		{DE70238A-120F-4D49-BF65-5B2AF1B52CB4}.Debug|iPhone.ActiveCfg = Debug|x86
		{DE70238A-120F-4D49-BF65-5B2AF1B52CB4}.Debug|iPhoneSimulator.ActiveCfg = Debug|x86
		{DE70238A-120F-4D49-BF65-5B2AF1B52CB4}.Debug|x64.ActiveCfg = Debug|x64
		{DE70238A-120F-4D49-BF65-5B2AF1B52CB4}.Debug|x64.Build.0 = Debug|x64
		{DE70238A-120F-4D49-BF65-5B2AF1B52CB4}.Debug|x64.Deploy.0 = Debug|x64
		{DE70238A-120F-4D49-BF65-5B2AF1B52CB4}.Debug|x86.ActiveCfg = Debug|x86
		{DE70238A-120F-4D49-BF65-5B2AF1B52CB4}.Debug|x86.Build.0 = Debug|x86
		{DE70238A-120F-4D49-BF65-5B2AF1B52CB4}.Debug|x86.Deploy.0 = Debug|x86
		{DE70238A-120F-4D49-BF65-5B2AF1B52CB4}.Release|Any CPU.ActiveCfg = Release|x86
		{DE70238A-120F-4D49-BF65-5B2AF1B52CB4}.Release|ARM.ActiveCfg = Release|ARM
		{DE70238A-120F-4D49-BF65-5B2AF1B52CB4}.Release|ARM.Build.0 = Release|ARM
		{DE70238A-120F-4D49-BF65-5B2AF1B52CB4}.Release|ARM.Deploy.0 = Release|ARM
		{DE70238A-120F-4D49-BF65-5B2AF1B52CB4}.Release|ARM64.ActiveCfg = Release|ARM64
		{DE70238A-120F-4D49-BF65-5B2AF1B52CB4}.Release|ARM64.Build.0 = Release|ARM64
		{DE70238A-120F-4D49-BF65-5B2AF1B52CB4}.Release|ARM64.Deploy.0 = Release|ARM64
		{DE70238A-120F-4D49-BF65-5B2AF1B52CB4}.Release|iPhone.ActiveCfg = Release|x86
		{DE70238A-120F-4D49-BF65-5B2AF1B52CB4}.Release|iPhoneSimulator.ActiveCfg = Release|x86
		{DE70238A-120F-4D49-BF65-5B2AF1B52CB4}.Release|x64.ActiveCfg = Release|x64
		{DE70238A-120F-4D49-BF65-5B2AF1B52CB4}.Release|x64.Build.0 = Release|x64
		{DE70238A-120F-4D49-BF65-5B2AF1B52CB4}.Release|x64.Deploy.0 = Release|x64
		{DE70238A-120F-4D49-BF65-5B2AF1B52CB4}.Release|x86.ActiveCfg = Release|x86
		{DE70238A-120F-4D49-BF65-5B2AF1B52CB4}.Release|x86.Build.0 = Release|x86
		{DE70238A-120F-4D49-BF65-5B2AF1B52CB4}.Release|x86.Deploy.0 = Release|x86
	EndGlobalSection
	GlobalSection(SolutionProperties) = preSolution
		HideSolutionNode = FALSE
	EndGlobalSection
	GlobalSection(ExtensibilityGlobals) = postSolution
		SolutionGuid = {F6D05029-56B8-4E45-AF2D-0E76295DDBA2}
	EndGlobalSection
EndGlobal
